// !$*UTF8*$!
{
	archiveVersion = 1;
	classes = {
	};
	objectVersion = 51;
	objects = {

/* Begin PBXBuildFile section */
		2D348E04CDE88572E89F7CC7 /* Pods_ParstagramTests.framework in Frameworks */ = {isa = PBXBuildFile; fileRef = F9863C9AAAB7F91EC299E6C0 /* Pods_ParstagramTests.framework */; };
		51370A5FFDA357C41364EF28 /* Pods_Parstagram_ParstagramUITests.framework in Frameworks */ = {isa = PBXBuildFile; fileRef = B54EEB4EB42286201FE3C1BD /* Pods_Parstagram_ParstagramUITests.framework */; };
		86EADBC47544FDF0601F4835 /* Pods_Parstagram.framework in Frameworks */ = {isa = PBXBuildFile; fileRef = 4E2433D3D450B0F26EE9E2F5 /* Pods_Parstagram.framework */; };
		D7535B662710C60D004985FA /* AppDelegate.swift in Sources */ = {isa = PBXBuildFile; fileRef = D7535B652710C60D004985FA /* AppDelegate.swift */; };
		D7535B682710C60D004985FA /* SceneDelegate.swift in Sources */ = {isa = PBXBuildFile; fileRef = D7535B672710C60D004985FA /* SceneDelegate.swift */; };
		D7535B6D2710C60D004985FA /* Main.storyboard in Resources */ = {isa = PBXBuildFile; fileRef = D7535B6B2710C60D004985FA /* Main.storyboard */; };
		D7535B6F2710C60D004985FA /* Assets.xcassets in Resources */ = {isa = PBXBuildFile; fileRef = D7535B6E2710C60D004985FA /* Assets.xcassets */; };
		D7535B722710C60D004985FA /* LaunchScreen.storyboard in Resources */ = {isa = PBXBuildFile; fileRef = D7535B702710C60D004985FA /* LaunchScreen.storyboard */; };
		D7535B7D2710C60D004985FA /* ParstagramTests.swift in Sources */ = {isa = PBXBuildFile; fileRef = D7535B7C2710C60D004985FA /* ParstagramTests.swift */; };
		D7535B882710C60D004985FA /* ParstagramUITests.swift in Sources */ = {isa = PBXBuildFile; fileRef = D7535B872710C60D004985FA /* ParstagramUITests.swift */; };
		D787B45B2710CE9C00DE7A3E /* LoginViewController.swift in Sources */ = {isa = PBXBuildFile; fileRef = D787B45A2710CE9C00DE7A3E /* LoginViewController.swift */; };
		D787B45D2710CEA900DE7A3E /* FeedViewController.swift in Sources */ = {isa = PBXBuildFile; fileRef = D787B45C2710CEA900DE7A3E /* FeedViewController.swift */; };
		D787B45F27111CB700DE7A3E /* CameraViewController.swift in Sources */ = {isa = PBXBuildFile; fileRef = D787B45E27111CB700DE7A3E /* CameraViewController.swift */; };
		D787B46127113DB300DE7A3E /* PostCell.swift in Sources */ = {isa = PBXBuildFile; fileRef = D787B46027113DB300DE7A3E /* PostCell.swift */; };
		D7CD8207271CF24400AE020F /* CommentCell.swift in Sources */ = {isa = PBXBuildFile; fileRef = D7CD8206271CF24400AE020F /* CommentCell.swift */; };
/* End PBXBuildFile section */

/* Begin PBXContainerItemProxy section */
		D7535B792710C60D004985FA /* PBXContainerItemProxy */ = {
			isa = PBXContainerItemProxy;
			containerPortal = D7535B5A2710C60C004985FA /* Project object */;
			proxyType = 1;
			remoteGlobalIDString = D7535B612710C60D004985FA;
			remoteInfo = Parstagram;
		};
		D7535B842710C60D004985FA /* PBXContainerItemProxy */ = {
			isa = PBXContainerItemProxy;
			containerPortal = D7535B5A2710C60C004985FA /* Project object */;
			proxyType = 1;
			remoteGlobalIDString = D7535B612710C60D004985FA;
			remoteInfo = Parstagram;
		};
/* End PBXContainerItemProxy section */

/* Begin PBXFileReference section */
		3C925A8D31366F324D1702C2 /* Pods-ParstagramTests.release.xcconfig */ = {isa = PBXFileReference; includeInIndex = 1; lastKnownFileType = text.xcconfig; name = "Pods-ParstagramTests.release.xcconfig"; path = "Target Support Files/Pods-ParstagramTests/Pods-ParstagramTests.release.xcconfig"; sourceTree = "<group>"; };
		4E2433D3D450B0F26EE9E2F5 /* Pods_Parstagram.framework */ = {isa = PBXFileReference; explicitFileType = wrapper.framework; includeInIndex = 0; path = Pods_Parstagram.framework; sourceTree = BUILT_PRODUCTS_DIR; };
		80E85ADB6A7109F50E9EC4E0 /* Pods-Parstagram-ParstagramUITests.debug.xcconfig */ = {isa = PBXFileReference; includeInIndex = 1; lastKnownFileType = text.xcconfig; name = "Pods-Parstagram-ParstagramUITests.debug.xcconfig"; path = "Target Support Files/Pods-Parstagram-ParstagramUITests/Pods-Parstagram-ParstagramUITests.debug.xcconfig"; sourceTree = "<group>"; };
		A6AE625F29852AE797FAB30C /* Pods-ParstagramTests.debug.xcconfig */ = {isa = PBXFileReference; includeInIndex = 1; lastKnownFileType = text.xcconfig; name = "Pods-ParstagramTests.debug.xcconfig"; path = "Target Support Files/Pods-ParstagramTests/Pods-ParstagramTests.debug.xcconfig"; sourceTree = "<group>"; };
		B54EEB4EB42286201FE3C1BD /* Pods_Parstagram_ParstagramUITests.framework */ = {isa = PBXFileReference; explicitFileType = wrapper.framework; includeInIndex = 0; path = Pods_Parstagram_ParstagramUITests.framework; sourceTree = BUILT_PRODUCTS_DIR; };
		D7535B622710C60D004985FA /* Parstagram.app */ = {isa = PBXFileReference; explicitFileType = wrapper.application; includeInIndex = 0; path = Parstagram.app; sourceTree = BUILT_PRODUCTS_DIR; };
		D7535B652710C60D004985FA /* AppDelegate.swift */ = {isa = PBXFileReference; lastKnownFileType = sourcecode.swift; path = AppDelegate.swift; sourceTree = "<group>"; };
		D7535B672710C60D004985FA /* SceneDelegate.swift */ = {isa = PBXFileReference; lastKnownFileType = sourcecode.swift; path = SceneDelegate.swift; sourceTree = "<group>"; };
		D7535B6C2710C60D004985FA /* Base */ = {isa = PBXFileReference; lastKnownFileType = file.storyboard; name = Base; path = Base.lproj/Main.storyboard; sourceTree = "<group>"; };
		D7535B6E2710C60D004985FA /* Assets.xcassets */ = {isa = PBXFileReference; lastKnownFileType = folder.assetcatalog; path = Assets.xcassets; sourceTree = "<group>"; };
		D7535B712710C60D004985FA /* Base */ = {isa = PBXFileReference; lastKnownFileType = file.storyboard; name = Base; path = Base.lproj/LaunchScreen.storyboard; sourceTree = "<group>"; };
		D7535B732710C60D004985FA /* Info.plist */ = {isa = PBXFileReference; lastKnownFileType = text.plist.xml; path = Info.plist; sourceTree = "<group>"; };
		D7535B782710C60D004985FA /* ParstagramTests.xctest */ = {isa = PBXFileReference; explicitFileType = wrapper.cfbundle; includeInIndex = 0; path = ParstagramTests.xctest; sourceTree = BUILT_PRODUCTS_DIR; };
		D7535B7C2710C60D004985FA /* ParstagramTests.swift */ = {isa = PBXFileReference; lastKnownFileType = sourcecode.swift; path = ParstagramTests.swift; sourceTree = "<group>"; };
		D7535B7E2710C60D004985FA /* Info.plist */ = {isa = PBXFileReference; lastKnownFileType = text.plist.xml; path = Info.plist; sourceTree = "<group>"; };
		D7535B832710C60D004985FA /* ParstagramUITests.xctest */ = {isa = PBXFileReference; explicitFileType = wrapper.cfbundle; includeInIndex = 0; path = ParstagramUITests.xctest; sourceTree = BUILT_PRODUCTS_DIR; };
		D7535B872710C60D004985FA /* ParstagramUITests.swift */ = {isa = PBXFileReference; lastKnownFileType = sourcecode.swift; path = ParstagramUITests.swift; sourceTree = "<group>"; };
		D7535B892710C60D004985FA /* Info.plist */ = {isa = PBXFileReference; lastKnownFileType = text.plist.xml; path = Info.plist; sourceTree = "<group>"; };
		D787B45A2710CE9C00DE7A3E /* LoginViewController.swift */ = {isa = PBXFileReference; lastKnownFileType = sourcecode.swift; path = LoginViewController.swift; sourceTree = "<group>"; };
		D787B45C2710CEA900DE7A3E /* FeedViewController.swift */ = {isa = PBXFileReference; lastKnownFileType = sourcecode.swift; path = FeedViewController.swift; sourceTree = "<group>"; };
		D787B45E27111CB700DE7A3E /* CameraViewController.swift */ = {isa = PBXFileReference; lastKnownFileType = sourcecode.swift; path = CameraViewController.swift; sourceTree = "<group>"; };
		D787B46027113DB300DE7A3E /* PostCell.swift */ = {isa = PBXFileReference; lastKnownFileType = sourcecode.swift; path = PostCell.swift; sourceTree = "<group>"; };
		D7CD8206271CF24400AE020F /* CommentCell.swift */ = {isa = PBXFileReference; lastKnownFileType = sourcecode.swift; path = CommentCell.swift; sourceTree = "<group>"; };
		DB164B0FD831B2103C79A1FD /* Pods-Parstagram-ParstagramUITests.release.xcconfig */ = {isa = PBXFileReference; includeInIndex = 1; lastKnownFileType = text.xcconfig; name = "Pods-Parstagram-ParstagramUITests.release.xcconfig"; path = "Target Support Files/Pods-Parstagram-ParstagramUITests/Pods-Parstagram-ParstagramUITests.release.xcconfig"; sourceTree = "<group>"; };
		DEA46B4E53646AC272A85D75 /* Pods-Parstagram.debug.xcconfig */ = {isa = PBXFileReference; includeInIndex = 1; lastKnownFileType = text.xcconfig; name = "Pods-Parstagram.debug.xcconfig"; path = "Target Support Files/Pods-Parstagram/Pods-Parstagram.debug.xcconfig"; sourceTree = "<group>"; };
		F9863C9AAAB7F91EC299E6C0 /* Pods_ParstagramTests.framework */ = {isa = PBXFileReference; explicitFileType = wrapper.framework; includeInIndex = 0; path = Pods_ParstagramTests.framework; sourceTree = BUILT_PRODUCTS_DIR; };
		FB023B5A48FECA4D70975283 /* Pods-Parstagram.release.xcconfig */ = {isa = PBXFileReference; includeInIndex = 1; lastKnownFileType = text.xcconfig; name = "Pods-Parstagram.release.xcconfig"; path = "Target Support Files/Pods-Parstagram/Pods-Parstagram.release.xcconfig"; sourceTree = "<group>"; };
/* End PBXFileReference section */

/* Begin PBXFrameworksBuildPhase section */
		D7535B5F2710C60D004985FA /* Frameworks */ = {
			isa = PBXFrameworksBuildPhase;
			buildActionMask = 2147483647;
			files = (
				86EADBC47544FDF0601F4835 /* Pods_Parstagram.framework in Frameworks */,
			);
			runOnlyForDeploymentPostprocessing = 0;
		};
		D7535B752710C60D004985FA /* Frameworks */ = {
			isa = PBXFrameworksBuildPhase;
			buildActionMask = 2147483647;
			files = (
				2D348E04CDE88572E89F7CC7 /* Pods_ParstagramTests.framework in Frameworks */,
			);
			runOnlyForDeploymentPostprocessing = 0;
		};
		D7535B802710C60D004985FA /* Frameworks */ = {
			isa = PBXFrameworksBuildPhase;
			buildActionMask = 2147483647;
			files = (
				51370A5FFDA357C41364EF28 /* Pods_Parstagram_ParstagramUITests.framework in Frameworks */,
			);
			runOnlyForDeploymentPostprocessing = 0;
		};
/* End PBXFrameworksBuildPhase section */

/* Begin PBXGroup section */
		77FD99D1E48AF037B98FC2F4 /* Frameworks */ = {
			isa = PBXGroup;
			children = (
				4E2433D3D450B0F26EE9E2F5 /* Pods_Parstagram.framework */,
				B54EEB4EB42286201FE3C1BD /* Pods_Parstagram_ParstagramUITests.framework */,
				F9863C9AAAB7F91EC299E6C0 /* Pods_ParstagramTests.framework */,
			);
			name = Frameworks;
			sourceTree = "<group>";
		};
		D7535B592710C60C004985FA = {
			isa = PBXGroup;
			children = (
				D7535B642710C60D004985FA /* Parstagram */,
				D7535B7B2710C60D004985FA /* ParstagramTests */,
				D7535B862710C60D004985FA /* ParstagramUITests */,
				D7535B632710C60D004985FA /* Products */,
				D7B77A6CD1A7FB46D6D1AD23 /* Pods */,
				77FD99D1E48AF037B98FC2F4 /* Frameworks */,
			);
			sourceTree = "<group>";
		};
		D7535B632710C60D004985FA /* Products */ = {
			isa = PBXGroup;
			children = (
				D7535B622710C60D004985FA /* Parstagram.app */,
				D7535B782710C60D004985FA /* ParstagramTests.xctest */,
				D7535B832710C60D004985FA /* ParstagramUITests.xctest */,
			);
			name = Products;
			sourceTree = "<group>";
		};
		D7535B642710C60D004985FA /* Parstagram */ = {
			isa = PBXGroup;
			children = (
				D7535B652710C60D004985FA /* AppDelegate.swift */,
				D7535B672710C60D004985FA /* SceneDelegate.swift */,
				D7535B6B2710C60D004985FA /* Main.storyboard */,
				D7535B6E2710C60D004985FA /* Assets.xcassets */,
				D7535B702710C60D004985FA /* LaunchScreen.storyboard */,
				D7535B732710C60D004985FA /* Info.plist */,
				D787B45A2710CE9C00DE7A3E /* LoginViewController.swift */,
				D787B45C2710CEA900DE7A3E /* FeedViewController.swift */,
				D787B45E27111CB700DE7A3E /* CameraViewController.swift */,
				D787B46027113DB300DE7A3E /* PostCell.swift */,
				D7CD8206271CF24400AE020F /* CommentCell.swift */,
			);
			path = Parstagram;
			sourceTree = "<group>";
		};
		D7535B7B2710C60D004985FA /* ParstagramTests */ = {
			isa = PBXGroup;
			children = (
				D7535B7C2710C60D004985FA /* ParstagramTests.swift */,
				D7535B7E2710C60D004985FA /* Info.plist */,
			);
			path = ParstagramTests;
			sourceTree = "<group>";
		};
		D7535B862710C60D004985FA /* ParstagramUITests */ = {
			isa = PBXGroup;
			children = (
				D7535B872710C60D004985FA /* ParstagramUITests.swift */,
				D7535B892710C60D004985FA /* Info.plist */,
			);
			path = ParstagramUITests;
			sourceTree = "<group>";
		};
		D7B77A6CD1A7FB46D6D1AD23 /* Pods */ = {
			isa = PBXGroup;
			children = (
				DEA46B4E53646AC272A85D75 /* Pods-Parstagram.debug.xcconfig */,
				FB023B5A48FECA4D70975283 /* Pods-Parstagram.release.xcconfig */,
				80E85ADB6A7109F50E9EC4E0 /* Pods-Parstagram-ParstagramUITests.debug.xcconfig */,
				DB164B0FD831B2103C79A1FD /* Pods-Parstagram-ParstagramUITests.release.xcconfig */,
				A6AE625F29852AE797FAB30C /* Pods-ParstagramTests.debug.xcconfig */,
				3C925A8D31366F324D1702C2 /* Pods-ParstagramTests.release.xcconfig */,
			);
			path = Pods;
			sourceTree = "<group>";
		};
/* End PBXGroup section */

/* Begin PBXNativeTarget section */
		D7535B612710C60D004985FA /* Parstagram */ = {
			isa = PBXNativeTarget;
			buildConfigurationList = D7535B8C2710C60D004985FA /* Build configuration list for PBXNativeTarget "Parstagram" */;
			buildPhases = (
				5A24C0E9DD019FF5FD6D5E63 /* [CP] Check Pods Manifest.lock */,
				D7535B5E2710C60D004985FA /* Sources */,
				D7535B5F2710C60D004985FA /* Frameworks */,
				D7535B602710C60D004985FA /* Resources */,
				C84156E8DA40D08EB390C374 /* [CP] Embed Pods Frameworks */,
			);
			buildRules = (
			);
			dependencies = (
			);
			name = Parstagram;
			productName = Parstagram;
			productReference = D7535B622710C60D004985FA /* Parstagram.app */;
			productType = "com.apple.product-type.application";
		};
		D7535B772710C60D004985FA /* ParstagramTests */ = {
			isa = PBXNativeTarget;
			buildConfigurationList = D7535B8F2710C60D004985FA /* Build configuration list for PBXNativeTarget "ParstagramTests" */;
			buildPhases = (
				D044C6AC3ACA296F555045F9 /* [CP] Check Pods Manifest.lock */,
				D7535B742710C60D004985FA /* Sources */,
				D7535B752710C60D004985FA /* Frameworks */,
				D7535B762710C60D004985FA /* Resources */,
			);
			buildRules = (
			);
			dependencies = (
				D7535B7A2710C60D004985FA /* PBXTargetDependency */,
			);
			name = ParstagramTests;
			productName = ParstagramTests;
			productReference = D7535B782710C60D004985FA /* ParstagramTests.xctest */;
			productType = "com.apple.product-type.bundle.unit-test";
		};
		D7535B822710C60D004985FA /* ParstagramUITests */ = {
			isa = PBXNativeTarget;
			buildConfigurationList = D7535B922710C60D004985FA /* Build configuration list for PBXNativeTarget "ParstagramUITests" */;
			buildPhases = (
				1DFB783D72BF91AC66E4CFDE /* [CP] Check Pods Manifest.lock */,
				D7535B7F2710C60D004985FA /* Sources */,
				D7535B802710C60D004985FA /* Frameworks */,
				D7535B812710C60D004985FA /* Resources */,
				B6141D182A9DC661A2232BE6 /* [CP] Embed Pods Frameworks */,
			);
			buildRules = (
			);
			dependencies = (
				D7535B852710C60D004985FA /* PBXTargetDependency */,
			);
			name = ParstagramUITests;
			productName = ParstagramUITests;
			productReference = D7535B832710C60D004985FA /* ParstagramUITests.xctest */;
			productType = "com.apple.product-type.bundle.ui-testing";
		};
/* End PBXNativeTarget section */

/* Begin PBXProject section */
		D7535B5A2710C60C004985FA /* Project object */ = {
			isa = PBXProject;
			attributes = {
				LastSwiftUpdateCheck = 1250;
				LastUpgradeCheck = 1250;
				TargetAttributes = {
					D7535B612710C60D004985FA = {
						CreatedOnToolsVersion = 12.5.1;
					};
					D7535B772710C60D004985FA = {
						CreatedOnToolsVersion = 12.5.1;
						TestTargetID = D7535B612710C60D004985FA;
					};
					D7535B822710C60D004985FA = {
						CreatedOnToolsVersion = 12.5.1;
						TestTargetID = D7535B612710C60D004985FA;
					};
				};
			};
			buildConfigurationList = D7535B5D2710C60C004985FA /* Build configuration list for PBXProject "Parstagram" */;
			compatibilityVersion = "Xcode 9.3";
			developmentRegion = en;
			hasScannedForEncodings = 0;
			knownRegions = (
				en,
				Base,
			);
			mainGroup = D7535B592710C60C004985FA;
			productRefGroup = D7535B632710C60D004985FA /* Products */;
			projectDirPath = "";
			projectRoot = "";
			targets = (
				D7535B612710C60D004985FA /* Parstagram */,
				D7535B772710C60D004985FA /* ParstagramTests */,
				D7535B822710C60D004985FA /* ParstagramUITests */,
			);
		};
/* End PBXProject section */

/* Begin PBXResourcesBuildPhase section */
		D7535B602710C60D004985FA /* Resources */ = {
			isa = PBXResourcesBuildPhase;
			buildActionMask = 2147483647;
			files = (
				D7535B722710C60D004985FA /* LaunchScreen.storyboard in Resources */,
				D7535B6F2710C60D004985FA /* Assets.xcassets in Resources */,
				D7535B6D2710C60D004985FA /* Main.storyboard in Resources */,
			);
			runOnlyForDeploymentPostprocessing = 0;
		};
		D7535B762710C60D004985FA /* Resources */ = {
			isa = PBXResourcesBuildPhase;
			buildActionMask = 2147483647;
			files = (
			);
			runOnlyForDeploymentPostprocessing = 0;
		};
		D7535B812710C60D004985FA /* Resources */ = {
			isa = PBXResourcesBuildPhase;
			buildActionMask = 2147483647;
			files = (
			);
			runOnlyForDeploymentPostprocessing = 0;
		};
/* End PBXResourcesBuildPhase section */

/* Begin PBXShellScriptBuildPhase section */
		1DFB783D72BF91AC66E4CFDE /* [CP] Check Pods Manifest.lock */ = {
			isa = PBXShellScriptBuildPhase;
			buildActionMask = 2147483647;
			files = (
			);
			inputFileListPaths = (
			);
			inputPaths = (
				"${PODS_PODFILE_DIR_PATH}/Podfile.lock",
				"${PODS_ROOT}/Manifest.lock",
			);
			name = "[CP] Check Pods Manifest.lock";
			outputFileListPaths = (
			);
			outputPaths = (
				"$(DERIVED_FILE_DIR)/Pods-Parstagram-ParstagramUITests-checkManifestLockResult.txt",
			);
			runOnlyForDeploymentPostprocessing = 0;
			shellPath = /bin/sh;
			shellScript = "diff \"${PODS_PODFILE_DIR_PATH}/Podfile.lock\" \"${PODS_ROOT}/Manifest.lock\" > /dev/null\nif [ $? != 0 ] ; then\n    # print error to STDERR\n    echo \"error: The sandbox is not in sync with the Podfile.lock. Run 'pod install' or update your CocoaPods installation.\" >&2\n    exit 1\nfi\n# This output is used by Xcode 'outputs' to avoid re-running this script phase.\necho \"SUCCESS\" > \"${SCRIPT_OUTPUT_FILE_0}\"\n";
			showEnvVarsInLog = 0;
		};
		5A24C0E9DD019FF5FD6D5E63 /* [CP] Check Pods Manifest.lock */ = {
			isa = PBXShellScriptBuildPhase;
			buildActionMask = 2147483647;
			files = (
			);
			inputFileListPaths = (
			);
			inputPaths = (
				"${PODS_PODFILE_DIR_PATH}/Podfile.lock",
				"${PODS_ROOT}/Manifest.lock",
			);
			name = "[CP] Check Pods Manifest.lock";
			outputFileListPaths = (
			);
			outputPaths = (
				"$(DERIVED_FILE_DIR)/Pods-Parstagram-checkManifestLockResult.txt",
			);
			runOnlyForDeploymentPostprocessing = 0;
			shellPath = /bin/sh;
			shellScript = "diff \"${PODS_PODFILE_DIR_PATH}/Podfile.lock\" \"${PODS_ROOT}/Manifest.lock\" > /dev/null\nif [ $? != 0 ] ; then\n    # print error to STDERR\n    echo \"error: The sandbox is not in sync with the Podfile.lock. Run 'pod install' or update your CocoaPods installation.\" >&2\n    exit 1\nfi\n# This output is used by Xcode 'outputs' to avoid re-running this script phase.\necho \"SUCCESS\" > \"${SCRIPT_OUTPUT_FILE_0}\"\n";
			showEnvVarsInLog = 0;
		};
		B6141D182A9DC661A2232BE6 /* [CP] Embed Pods Frameworks */ = {
			isa = PBXShellScriptBuildPhase;
			buildActionMask = 2147483647;
			files = (
			);
			inputFileListPaths = (
				"${PODS_ROOT}/Target Support Files/Pods-Parstagram-ParstagramUITests/Pods-Parstagram-ParstagramUITests-frameworks-${CONFIGURATION}-input-files.xcfilelist",
			);
			name = "[CP] Embed Pods Frameworks";
			outputFileListPaths = (
				"${PODS_ROOT}/Target Support Files/Pods-Parstagram-ParstagramUITests/Pods-Parstagram-ParstagramUITests-frameworks-${CONFIGURATION}-output-files.xcfilelist",
			);
			runOnlyForDeploymentPostprocessing = 0;
			shellPath = /bin/sh;
			shellScript = "\"${PODS_ROOT}/Target Support Files/Pods-Parstagram-ParstagramUITests/Pods-Parstagram-ParstagramUITests-frameworks.sh\"\n";
			showEnvVarsInLog = 0;
		};
		C84156E8DA40D08EB390C374 /* [CP] Embed Pods Frameworks */ = {
			isa = PBXShellScriptBuildPhase;
			buildActionMask = 2147483647;
			files = (
			);
			inputFileListPaths = (
				"${PODS_ROOT}/Target Support Files/Pods-Parstagram/Pods-Parstagram-frameworks-${CONFIGURATION}-input-files.xcfilelist",
			);
			name = "[CP] Embed Pods Frameworks";
			outputFileListPaths = (
				"${PODS_ROOT}/Target Support Files/Pods-Parstagram/Pods-Parstagram-frameworks-${CONFIGURATION}-output-files.xcfilelist",
			);
			runOnlyForDeploymentPostprocessing = 0;
			shellPath = /bin/sh;
			shellScript = "\"${PODS_ROOT}/Target Support Files/Pods-Parstagram/Pods-Parstagram-frameworks.sh\"\n";
			showEnvVarsInLog = 0;
		};
		D044C6AC3ACA296F555045F9 /* [CP] Check Pods Manifest.lock */ = {
			isa = PBXShellScriptBuildPhase;
			buildActionMask = 2147483647;
			files = (
			);
			inputFileListPaths = (
			);
			inputPaths = (
				"${PODS_PODFILE_DIR_PATH}/Podfile.lock",
				"${PODS_ROOT}/Manifest.lock",
			);
			name = "[CP] Check Pods Manifest.lock";
			outputFileListPaths = (
			);
			outputPaths = (
				"$(DERIVED_FILE_DIR)/Pods-ParstagramTests-checkManifestLockResult.txt",
			);
			runOnlyForDeploymentPostprocessing = 0;
			shellPath = /bin/sh;
			shellScript = "diff \"${PODS_PODFILE_DIR_PATH}/Podfile.lock\" \"${PODS_ROOT}/Manifest.lock\" > /dev/null\nif [ $? != 0 ] ; then\n    # print error to STDERR\n    echo \"error: The sandbox is not in sync with the Podfile.lock. Run 'pod install' or update your CocoaPods installation.\" >&2\n    exit 1\nfi\n# This output is used by Xcode 'outputs' to avoid re-running this script phase.\necho \"SUCCESS\" > \"${SCRIPT_OUTPUT_FILE_0}\"\n";
			showEnvVarsInLog = 0;
		};
/* End PBXShellScriptBuildPhase section */

/* Begin PBXSourcesBuildPhase section */
		D7535B5E2710C60D004985FA /* Sources */ = {
			isa = PBXSourcesBuildPhase;
			buildActionMask = 2147483647;
			files = (
				D787B45B2710CE9C00DE7A3E /* LoginViewController.swift in Sources */,
				D787B45F27111CB700DE7A3E /* CameraViewController.swift in Sources */,
				D7535B662710C60D004985FA /* AppDelegate.swift in Sources */,
				D787B45D2710CEA900DE7A3E /* FeedViewController.swift in Sources */,
				D7535B682710C60D004985FA /* SceneDelegate.swift in Sources */,
				D787B46127113DB300DE7A3E /* PostCell.swift in Sources */,
				D7CD8207271CF24400AE020F /* CommentCell.swift in Sources */,
			);
			runOnlyForDeploymentPostprocessing = 0;
		};
		D7535B742710C60D004985FA /* Sources */ = {
			isa = PBXSourcesBuildPhase;
			buildActionMask = 2147483647;
			files = (
				D7535B7D2710C60D004985FA /* ParstagramTests.swift in Sources */,
			);
			runOnlyForDeploymentPostprocessing = 0;
		};
		D7535B7F2710C60D004985FA /* Sources */ = {
			isa = PBXSourcesBuildPhase;
			buildActionMask = 2147483647;
			files = (
				D7535B882710C60D004985FA /* ParstagramUITests.swift in Sources */,
			);
			runOnlyForDeploymentPostprocessing = 0;
		};
/* End PBXSourcesBuildPhase section */

/* Begin PBXTargetDependency section */
		D7535B7A2710C60D004985FA /* PBXTargetDependency */ = {
			isa = PBXTargetDependency;
			target = D7535B612710C60D004985FA /* Parstagram */;
			targetProxy = D7535B792710C60D004985FA /* PBXContainerItemProxy */;
		};
		D7535B852710C60D004985FA /* PBXTargetDependency */ = {
			isa = PBXTargetDependency;
			target = D7535B612710C60D004985FA /* Parstagram */;
			targetProxy = D7535B842710C60D004985FA /* PBXContainerItemProxy */;
		};
/* End PBXTargetDependency section */

/* Begin PBXVariantGroup section */
		D7535B6B2710C60D004985FA /* Main.storyboard */ = {
			isa = PBXVariantGroup;
			children = (
				D7535B6C2710C60D004985FA /* Base */,
			);
			name = Main.storyboard;
			sourceTree = "<group>";
		};
		D7535B702710C60D004985FA /* LaunchScreen.storyboard */ = {
			isa = PBXVariantGroup;
			children = (
				D7535B712710C60D004985FA /* Base */,
			);
			name = LaunchScreen.storyboard;
			sourceTree = "<group>";
		};
/* End PBXVariantGroup section */

/* Begin XCBuildConfiguration section */
		D7535B8A2710C60D004985FA /* Debug */ = {
			isa = XCBuildConfiguration;
			buildSettings = {
				ALWAYS_SEARCH_USER_PATHS = NO;
				CLANG_ANALYZER_NONNULL = YES;
				CLANG_ANALYZER_NUMBER_OBJECT_CONVERSION = YES_AGGRESSIVE;
				CLANG_CXX_LANGUAGE_STANDARD = "gnu++14";
				CLANG_CXX_LIBRARY = "libc++";
				CLANG_ENABLE_MODULES = YES;
				CLANG_ENABLE_OBJC_ARC = YES;
				CLANG_ENABLE_OBJC_WEAK = YES;
				CLANG_WARN_BLOCK_CAPTURE_AUTORELEASING = YES;
				CLANG_WARN_BOOL_CONVERSION = YES;
				CLANG_WARN_COMMA = YES;
				CLANG_WARN_CONSTANT_CONVERSION = YES;
				CLANG_WARN_DEPRECATED_OBJC_IMPLEMENTATIONS = YES;
				CLANG_WARN_DIRECT_OBJC_ISA_USAGE = YES_ERROR;
				CLANG_WARN_DOCUMENTATION_COMMENTS = YES;
				CLANG_WARN_EMPTY_BODY = YES;
				CLANG_WARN_ENUM_CONVERSION = YES;
				CLANG_WARN_INFINITE_RECURSION = YES;
				CLANG_WARN_INT_CONVERSION = YES;
				CLANG_WARN_NON_LITERAL_NULL_CONVERSION = YES;
				CLANG_WARN_OBJC_IMPLICIT_RETAIN_SELF = YES;
				CLANG_WARN_OBJC_LITERAL_CONVERSION = YES;
				CLANG_WARN_OBJC_ROOT_CLASS = YES_ERROR;
				CLANG_WARN_QUOTED_INCLUDE_IN_FRAMEWORK_HEADER = YES;
				CLANG_WARN_RANGE_LOOP_ANALYSIS = YES;
				CLANG_WARN_STRICT_PROTOTYPES = YES;
				CLANG_WARN_SUSPICIOUS_MOVE = YES;
				CLANG_WARN_UNGUARDED_AVAILABILITY = YES_AGGRESSIVE;
				CLANG_WARN_UNREACHABLE_CODE = YES;
				CLANG_WARN__DUPLICATE_METHOD_MATCH = YES;
				COPY_PHASE_STRIP = NO;
				DEBUG_INFORMATION_FORMAT = dwarf;
				ENABLE_STRICT_OBJC_MSGSEND = YES;
				ENABLE_TESTABILITY = YES;
				GCC_C_LANGUAGE_STANDARD = gnu11;
				GCC_DYNAMIC_NO_PIC = NO;
				GCC_NO_COMMON_BLOCKS = YES;
				GCC_OPTIMIZATION_LEVEL = 0;
				GCC_PREPROCESSOR_DEFINITIONS = (
					"DEBUG=1",
					"$(inherited)",
				);
				GCC_WARN_64_TO_32_BIT_CONVERSION = YES;
				GCC_WARN_ABOUT_RETURN_TYPE = YES_ERROR;
				GCC_WARN_UNDECLARED_SELECTOR = YES;
				GCC_WARN_UNINITIALIZED_AUTOS = YES_AGGRESSIVE;
				GCC_WARN_UNUSED_FUNCTION = YES;
				GCC_WARN_UNUSED_VARIABLE = YES;
				IPHONEOS_DEPLOYMENT_TARGET = 14.5;
				MTL_ENABLE_DEBUG_INFO = INCLUDE_SOURCE;
				MTL_FAST_MATH = YES;
				ONLY_ACTIVE_ARCH = YES;
				SDKROOT = iphoneos;
				SWIFT_ACTIVE_COMPILATION_CONDITIONS = DEBUG;
				SWIFT_OPTIMIZATION_LEVEL = "-Onone";
			};
			name = Debug;
		};
		D7535B8B2710C60D004985FA /* Release */ = {
			isa = XCBuildConfiguration;
			buildSettings = {
				ALWAYS_SEARCH_USER_PATHS = NO;
				CLANG_ANALYZER_NONNULL = YES;
				CLANG_ANALYZER_NUMBER_OBJECT_CONVERSION = YES_AGGRESSIVE;
				CLANG_CXX_LANGUAGE_STANDARD = "gnu++14";
				CLANG_CXX_LIBRARY = "libc++";
				CLANG_ENABLE_MODULES = YES;
				CLANG_ENABLE_OBJC_ARC = YES;
				CLANG_ENABLE_OBJC_WEAK = YES;
				CLANG_WARN_BLOCK_CAPTURE_AUTORELEASING = YES;
				CLANG_WARN_BOOL_CONVERSION = YES;
				CLANG_WARN_COMMA = YES;
				CLANG_WARN_CONSTANT_CONVERSION = YES;
				CLANG_WARN_DEPRECATED_OBJC_IMPLEMENTATIONS = YES;
				CLANG_WARN_DIRECT_OBJC_ISA_USAGE = YES_ERROR;
				CLANG_WARN_DOCUMENTATION_COMMENTS = YES;
				CLANG_WARN_EMPTY_BODY = YES;
				CLANG_WARN_ENUM_CONVERSION = YES;
				CLANG_WARN_INFINITE_RECURSION = YES;
				CLANG_WARN_INT_CONVERSION = YES;
				CLANG_WARN_NON_LITERAL_NULL_CONVERSION = YES;
				CLANG_WARN_OBJC_IMPLICIT_RETAIN_SELF = YES;
				CLANG_WARN_OBJC_LITERAL_CONVERSION = YES;
				CLANG_WARN_OBJC_ROOT_CLASS = YES_ERROR;
				CLANG_WARN_QUOTED_INCLUDE_IN_FRAMEWORK_HEADER = YES;
				CLANG_WARN_RANGE_LOOP_ANALYSIS = YES;
				CLANG_WARN_STRICT_PROTOTYPES = YES;
				CLANG_WARN_SUSPICIOUS_MOVE = YES;
				CLANG_WARN_UNGUARDED_AVAILABILITY = YES_AGGRESSIVE;
				CLANG_WARN_UNREACHABLE_CODE = YES;
				CLANG_WARN__DUPLICATE_METHOD_MATCH = YES;
				COPY_PHASE_STRIP = NO;
				DEBUG_INFORMATION_FORMAT = "dwarf-with-dsym";
				ENABLE_NS_ASSERTIONS = NO;
				ENABLE_STRICT_OBJC_MSGSEND = YES;
				GCC_C_LANGUAGE_STANDARD = gnu11;
				GCC_NO_COMMON_BLOCKS = YES;
				GCC_WARN_64_TO_32_BIT_CONVERSION = YES;
				GCC_WARN_ABOUT_RETURN_TYPE = YES_ERROR;
				GCC_WARN_UNDECLARED_SELECTOR = YES;
				GCC_WARN_UNINITIALIZED_AUTOS = YES_AGGRESSIVE;
				GCC_WARN_UNUSED_FUNCTION = YES;
				GCC_WARN_UNUSED_VARIABLE = YES;
				IPHONEOS_DEPLOYMENT_TARGET = 14.5;
				MTL_ENABLE_DEBUG_INFO = NO;
				MTL_FAST_MATH = YES;
				SDKROOT = iphoneos;
				SWIFT_COMPILATION_MODE = wholemodule;
				SWIFT_OPTIMIZATION_LEVEL = "-O";
				VALIDATE_PRODUCT = YES;
			};
			name = Release;
		};
		D7535B8D2710C60D004985FA /* Debug */ = {
			isa = XCBuildConfiguration;
			baseConfigurationReference = DEA46B4E53646AC272A85D75 /* Pods-Parstagram.debug.xcconfig */;
			buildSettings = {
				ASSETCATALOG_COMPILER_APPICON_NAME = AppIcon;
				ASSETCATALOG_COMPILER_GLOBAL_ACCENT_COLOR_NAME = AccentColor;
				CODE_SIGN_STYLE = Automatic;
				INFOPLIST_FILE = Parstagram/Info.plist;
				LD_RUNPATH_SEARCH_PATHS = (
					"$(inherited)",
					"@executable_path/Frameworks",
				);
				PRODUCT_BUNDLE_IDENTIFIER = CodePath.Parstagram;
				PRODUCT_NAME = "$(TARGET_NAME)";
				SWIFT_VERSION = 5.0;
				TARGETED_DEVICE_FAMILY = "1,2";
			};
			name = Debug;
		};
		D7535B8E2710C60D004985FA /* Release */ = {
			isa = XCBuildConfiguration;
			baseConfigurationReference = FB023B5A48FECA4D70975283 /* Pods-Parstagram.release.xcconfig */;
			buildSettings = {
				ASSETCATALOG_COMPILER_APPICON_NAME = AppIcon;
				ASSETCATALOG_COMPILER_GLOBAL_ACCENT_COLOR_NAME = AccentColor;
				CODE_SIGN_STYLE = Automatic;
				INFOPLIST_FILE = Parstagram/Info.plist;
				LD_RUNPATH_SEARCH_PATHS = (
					"$(inherited)",
					"@executable_path/Frameworks",
				);
				PRODUCT_BUNDLE_IDENTIFIER = CodePath.Parstagram;
				PRODUCT_NAME = "$(TARGET_NAME)";
				SWIFT_VERSION = 5.0;
				TARGETED_DEVICE_FAMILY = "1,2";
			};
			name = Release;
		};
		D7535B902710C60D004985FA /* Debug */ = {
			isa = XCBuildConfiguration;
			baseConfigurationReference = A6AE625F29852AE797FAB30C /* Pods-ParstagramTests.debug.xcconfig */;
			buildSettings = {
				ALWAYS_EMBED_SWIFT_STANDARD_LIBRARIES = YES;
				BUNDLE_LOADER = "$(TEST_HOST)";
				CODE_SIGN_STYLE = Automatic;
				INFOPLIST_FILE = ParstagramTests/Info.plist;
				IPHONEOS_DEPLOYMENT_TARGET = 14.5;
				LD_RUNPATH_SEARCH_PATHS = (
					"$(inherited)",
					"@executable_path/Frameworks",
					"@loader_path/Frameworks",
				);
				PRODUCT_BUNDLE_IDENTIFIER = CodePath.ParstagramTests;
				PRODUCT_NAME = "$(TARGET_NAME)";
				SWIFT_VERSION = 5.0;
				TARGETED_DEVICE_FAMILY = "1,2";
				TEST_HOST = "$(BUILT_PRODUCTS_DIR)/Parstagram.app/Parstagram";
			};
			name = Debug;
		};
		D7535B912710C60D004985FA /* Release */ = {
			isa = XCBuildConfiguration;
			baseConfigurationReference = 3C925A8D31366F324D1702C2 /* Pods-ParstagramTests.release.xcconfig */;
			buildSettings = {
				ALWAYS_EMBED_SWIFT_STANDARD_LIBRARIES = YES;
				BUNDLE_LOADER = "$(TEST_HOST)";
				CODE_SIGN_STYLE = Automatic;
				INFOPLIST_FILE = ParstagramTests/Info.plist;
				IPHONEOS_DEPLOYMENT_TARGET = 14.5;
				LD_RUNPATH_SEARCH_PATHS = (
					"$(inherited)",
					"@executable_path/Frameworks",
					"@loader_path/Frameworks",
				);
				PRODUCT_BUNDLE_IDENTIFIER = CodePath.ParstagramTests;
				PRODUCT_NAME = "$(TARGET_NAME)";
				SWIFT_VERSION = 5.0;
				TARGETED_DEVICE_FAMILY = "1,2";
				TEST_HOST = "$(BUILT_PRODUCTS_DIR)/Parstagram.app/Parstagram";
			};
			name = Release;
		};
		D7535B932710C60D004985FA /* Debug */ = {
			isa = XCBuildConfiguration;
			baseConfigurationReference = 80E85ADB6A7109F50E9EC4E0 /* Pods-Parstagram-ParstagramUITests.debug.xcconfig */;
			buildSettings = {
				ALWAYS_EMBED_SWIFT_STANDARD_LIBRARIES = YES;
				CODE_SIGN_STYLE = Automatic;
				INFOPLIST_FILE = ParstagramUITests/Info.plist;
				LD_RUNPATH_SEARCH_PATHS = (
					"$(inherited)",
					"@executable_path/Frameworks",
					"@loader_path/Frameworks",
				);
				PRODUCT_BUNDLE_IDENTIFIER = CodePath.ParstagramUITests;
				PRODUCT_NAME = "$(TARGET_NAME)";
				SWIFT_VERSION = 5.0;
				TARGETED_DEVICE_FAMILY = "1,2";
				TEST_TARGET_NAME = Parstagram;
			};
			name = Debug;
		};
		D7535B942710C60D004985FA /* Release */ = {
			isa = XCBuildConfiguration;
			baseConfigurationReference = DB164B0FD831B2103C79A1FD /* Pods-Parstagram-ParstagramUITests.release.xcconfig */;
			buildSettings = {
				ALWAYS_EMBED_SWIFT_STANDARD_LIBRARIES = YES;
				CODE_SIGN_STYLE = Automatic;
				INFOPLIST_FILE = ParstagramUITests/Info.plist;
				LD_RUNPATH_SEARCH_PATHS = (
					"$(inherited)",
					"@executable_path/Frameworks",
					"@loader_path/Frameworks",
				);
				PRODUCT_BUNDLE_IDENTIFIER = CodePath.ParstagramUITests;
				PRODUCT_NAME = "$(TARGET_NAME)";
				SWIFT_VERSION = 5.0;
				TARGETED_DEVICE_FAMILY = "1,2";
				TEST_TARGET_NAME = Parstagram;
			};
			name = Release;
		};
/* End XCBuildConfiguration section */

/* Begin XCConfigurationList section */
		D7535B5D2710C60C004985FA /* Build configuration list for PBXProject "Parstagram" */ = {
			isa = XCConfigurationList;
			buildConfigurations = (
				D7535B8A2710C60D004985FA /* Debug */,
				D7535B8B2710C60D004985FA /* Release */,
			);
			defaultConfigurationIsVisible = 0;
			defaultConfigurationName = Release;
		};
		D7535B8C2710C60D004985FA /* Build configuration list for PBXNativeTarget "Parstagram" */ = {
			isa = XCConfigurationList;
			buildConfigurations = (
				D7535B8D2710C60D004985FA /* Debug */,
				D7535B8E2710C60D004985FA /* Release */,
			);
			defaultConfigurationIsVisible = 0;
			defaultConfigurationName = Release;
		};
		D7535B8F2710C60D004985FA /* Build configuration list for PBXNativeTarget "ParstagramTests" */ = {
			isa = XCConfigurationList;
			buildConfigurations = (
				D7535B902710C60D004985FA /* Debug */,
				D7535B912710C60D004985FA /* Release */,
			);
			defaultConfigurationIsVisible = 0;
			defaultConfigurationName = Release;
		};
		D7535B922710C60D004985FA /* Build configuration list for PBXNativeTarget "ParstagramUITests" */ = {
			isa = XCConfigurationList;
			buildConfigurations = (
				D7535B932710C60D004985FA /* Debug */,
				D7535B942710C60D004985FA /* Release */,
			);
			defaultConfigurationIsVisible = 0;
			defaultConfigurationName = Release;
		};
/* End XCConfigurationList section */
	};
	rootObject = D7535B5A2710C60C004985FA /* Project object */;
}
